// !$*UTF8*$!
{
	archiveVersion = 1;
	classes = {
	};
	objectVersion = 56;
	objects = {

/* Begin PBXBuildFile section */
		9F2FEBD12A6D83B900CC2F96 /* By Gallery.storyboard in Resources */ = {isa = PBXBuildFile; fileRef = 9F2FEBD02A6D83B900CC2F96 /* By Gallery.storyboard */; };
		9FAF99502A6EE9410027194D /* By Gallery.storyboard in Resources */ = {isa = PBXBuildFile; fileRef = 9FAF994F2A6EE9410027194D /* By Gallery.storyboard */; };
		9FC0A10A2A6A7FC600EA941E /* AppDelegate.swift in Sources */ = {isa = PBXBuildFile; fileRef = 9FC0A1092A6A7FC600EA941E /* AppDelegate.swift */; };
		9FC0A10C2A6A7FC600EA941E /* SceneDelegate.swift in Sources */ = {isa = PBXBuildFile; fileRef = 9FC0A10B2A6A7FC600EA941E /* SceneDelegate.swift */; };
		9FC0A10E2A6A7FC600EA941E /* ViewController.swift in Sources */ = {isa = PBXBuildFile; fileRef = 9FC0A10D2A6A7FC600EA941E /* ViewController.swift */; };
		9FC0A1112A6A7FC600EA941E /* Main.storyboard in Resources */ = {isa = PBXBuildFile; fileRef = 9FC0A10F2A6A7FC600EA941E /* Main.storyboard */; };
		9FC0A1132A6A7FCB00EA941E /* Assets.xcassets in Resources */ = {isa = PBXBuildFile; fileRef = 9FC0A1122A6A7FCB00EA941E /* Assets.xcassets */; };
		9FC0A1162A6A7FCB00EA941E /* LaunchScreen.storyboard in Resources */ = {isa = PBXBuildFile; fileRef = 9FC0A1142A6A7FCB00EA941E /* LaunchScreen.storyboard */; };
		9FEE32772A6D22740079B7E9 /* ByYear.storyboard in Resources */ = {isa = PBXBuildFile; fileRef = 9FEE32752A6D22740079B7E9 /* ByYear.storyboard */; };
/* End PBXBuildFile section */

/* Begin PBXFileReference section */
		9F2FEBD02A6D83B900CC2F96 /* By Gallery.storyboard */ = {isa = PBXFileReference; fileEncoding = 4; lastKnownFileType = file.storyboard; path = "By Gallery.storyboard"; sourceTree = "<group>"; };
		9FAF994F2A6EE9410027194D /* By Gallery.storyboard */ = {isa = PBXFileReference; fileEncoding = 4; lastKnownFileType = file.storyboard; path = "By Gallery.storyboard"; sourceTree = "<group>"; };
		9FC0A1062A6A7FC600EA941E /* 克林姆名畫集.app */ = {isa = PBXFileReference; explicitFileType = wrapper.application; includeInIndex = 0; path = "克林姆名畫集.app"; sourceTree = BUILT_PRODUCTS_DIR; };
		9FC0A1092A6A7FC600EA941E /* AppDelegate.swift */ = {isa = PBXFileReference; lastKnownFileType = sourcecode.swift; path = AppDelegate.swift; sourceTree = "<group>"; };
		9FC0A10B2A6A7FC600EA941E /* SceneDelegate.swift */ = {isa = PBXFileReference; lastKnownFileType = sourcecode.swift; path = SceneDelegate.swift; sourceTree = "<group>"; };
		9FC0A10D2A6A7FC600EA941E /* ViewController.swift */ = {isa = PBXFileReference; lastKnownFileType = sourcecode.swift; path = ViewController.swift; sourceTree = "<group>"; };
		9FC0A1102A6A7FC600EA941E /* Base */ = {isa = PBXFileReference; lastKnownFileType = file.storyboard; name = Base; path = Base.lproj/Main.storyboard; sourceTree = "<group>"; };
		9FC0A1122A6A7FCB00EA941E /* Assets.xcassets */ = {isa = PBXFileReference; lastKnownFileType = folder.assetcatalog; path = Assets.xcassets; sourceTree = "<group>"; };
		9FC0A1152A6A7FCB00EA941E /* Base */ = {isa = PBXFileReference; lastKnownFileType = file.storyboard; name = Base; path = Base.lproj/LaunchScreen.storyboard; sourceTree = "<group>"; };
		9FC0A1172A6A7FCB00EA941E /* Info.plist */ = {isa = PBXFileReference; lastKnownFileType = text.plist.xml; path = Info.plist; sourceTree = "<group>"; };
		9FEE32762A6D22740079B7E9 /* Base */ = {isa = PBXFileReference; lastKnownFileType = file.storyboard; name = Base; path = "克林姆名畫集/Base.lproj/ByYear.storyboard"; sourceTree = "<group>"; };
/* End PBXFileReference section */

/* Begin PBXFrameworksBuildPhase section */
		9FC0A1032A6A7FC600EA941E /* Frameworks */ = {
			isa = PBXFrameworksBuildPhase;
			buildActionMask = 2147483647;
			files = (
			);
			runOnlyForDeploymentPostprocessing = 0;
		};
/* End PBXFrameworksBuildPhase section */

/* Begin PBXGroup section */
		9FC0A0FD2A6A7FC500EA941E = {
			isa = PBXGroup;
			children = (
				9FC0A10F2A6A7FC600EA941E /* Main.storyboard */,
				9F2FEBD02A6D83B900CC2F96 /* By Gallery.storyboard */,
				9FAF994F2A6EE9410027194D /* By Gallery.storyboard */,
				9FEE32752A6D22740079B7E9 /* ByYear.storyboard */,
				9FC0A1082A6A7FC600EA941E /* 克林姆名畫集 */,
				9FC0A1072A6A7FC600EA941E /* Products */,
			);
			sourceTree = "<group>";
		};
		9FC0A1072A6A7FC600EA941E /* Products */ = {
			isa = PBXGroup;
			children = (
				9FC0A1062A6A7FC600EA941E /* 克林姆名畫集.app */,
			);
			name = Products;
			sourceTree = "<group>";
		};
		9FC0A1082A6A7FC600EA941E /* 克林姆名畫集 */ = {
			isa = PBXGroup;
			children = (
				9FC0A1092A6A7FC600EA941E /* AppDelegate.swift */,
				9FC0A10B2A6A7FC600EA941E /* SceneDelegate.swift */,
				9FC0A10D2A6A7FC600EA941E /* ViewController.swift */,
				9FC0A1122A6A7FCB00EA941E /* Assets.xcassets */,
				9FC0A1142A6A7FCB00EA941E /* LaunchScreen.storyboard */,
				9FC0A1172A6A7FCB00EA941E /* Info.plist */,
			);
			path = "克林姆名畫集";
			sourceTree = "<group>";
		};
/* End PBXGroup section */

/* Begin PBXNativeTarget section */
		9FC0A1052A6A7FC600EA941E /* 克林姆名畫集 */ = {
			isa = PBXNativeTarget;
			buildConfigurationList = 9FC0A11A2A6A7FCB00EA941E /* Build configuration list for PBXNativeTarget "克林姆名畫集" */;
			buildPhases = (
				9FC0A1022A6A7FC600EA941E /* Sources */,
				9FC0A1032A6A7FC600EA941E /* Frameworks */,
				9FC0A1042A6A7FC600EA941E /* Resources */,
			);
			buildRules = (
			);
			dependencies = (
			);
			name = "克林姆名畫集";
			productName = "克林姆名畫集";
			productReference = 9FC0A1062A6A7FC600EA941E /* 克林姆名畫集.app */;
			productType = "com.apple.product-type.application";
		};
/* End PBXNativeTarget section */

/* Begin PBXProject section */
		9FC0A0FE2A6A7FC500EA941E /* Project object */ = {
			isa = PBXProject;
			attributes = {
				BuildIndependentTargetsInParallel = 1;
				LastSwiftUpdateCheck = 1420;
				LastUpgradeCheck = 1420;
				TargetAttributes = {
					9FC0A1052A6A7FC600EA941E = {
						CreatedOnToolsVersion = 14.2;
					};
				};
			};
			buildConfigurationList = 9FC0A1012A6A7FC500EA941E /* Build configuration list for PBXProject "克林姆名畫集" */;
			compatibilityVersion = "Xcode 14.0";
			developmentRegion = en;
			hasScannedForEncodings = 0;
			knownRegions = (
				en,
				Base,
			);
			mainGroup = 9FC0A0FD2A6A7FC500EA941E;
			productRefGroup = 9FC0A1072A6A7FC600EA941E /* Products */;
			projectDirPath = "";
			projectRoot = "";
			targets = (
				9FC0A1052A6A7FC600EA941E /* 克林姆名畫集 */,
			);
		};
/* End PBXProject section */

/* Begin PBXResourcesBuildPhase section */
		9FC0A1042A6A7FC600EA941E /* Resources */ = {
			isa = PBXResourcesBuildPhase;
			buildActionMask = 2147483647;
			files = (
				9FEE32772A6D22740079B7E9 /* ByYear.storyboard in Resources */,
				9F2FEBD12A6D83B900CC2F96 /* By Gallery.storyboard in Resources */,
				9FC0A1162A6A7FCB00EA941E /* LaunchScreen.storyboard in Resources */,
				9FAF99502A6EE9410027194D /* By Gallery.storyboard in Resources */,
				9FC0A1132A6A7FCB00EA941E /* Assets.xcassets in Resources */,
				9FC0A1112A6A7FC600EA941E /* Main.storyboard in Resources */,
			);
			runOnlyForDeploymentPostprocessing = 0;
		};
/* End PBXResourcesBuildPhase section */

/* Begin PBXSourcesBuildPhase section */
		9FC0A1022A6A7FC600EA941E /* Sources */ = {
			isa = PBXSourcesBuildPhase;
			buildActionMask = 2147483647;
			files = (
				9FC0A10E2A6A7FC600EA941E /* ViewController.swift in Sources */,
				9FC0A10A2A6A7FC600EA941E /* AppDelegate.swift in Sources */,
				9FC0A10C2A6A7FC600EA941E /* SceneDelegate.swift in Sources */,
			);
			runOnlyForDeploymentPostprocessing = 0;
		};
/* End PBXSourcesBuildPhase section */

/* Begin PBXVariantGroup section */
		9FC0A10F2A6A7FC600EA941E /* Main.storyboard */ = {
			isa = PBXVariantGroup;
			children = (
				9FC0A1102A6A7FC600EA941E /* Base */,
			);
			name = Main.storyboard;
			sourceTree = "<group>";
		};
		9FC0A1142A6A7FCB00EA941E /* LaunchScreen.storyboard */ = {
			isa = PBXVariantGroup;
			children = (
				9FC0A1152A6A7FCB00EA941E /* Base */,
			);
			name = LaunchScreen.storyboard;
			sourceTree = "<group>";
		};
		9FEE32752A6D22740079B7E9 /* ByYear.storyboard */ = {
			isa = PBXVariantGroup;
			children = (
				9FEE32762A6D22740079B7E9 /* Base */,
			);
			name = ByYear.storyboard;
			sourceTree = "<group>";
		};
/* End PBXVariantGroup section */

/* Begin XCBuildConfiguration section */
		9FC0A1182A6A7FCB00EA941E /* Debug */ = {
			isa = XCBuildConfiguration;
			buildSettings = {
				ALWAYS_SEARCH_USER_PATHS = NO;
				CLANG_ANALYZER_NONNULL = YES;
				CLANG_ANALYZER_NUMBER_OBJECT_CONVERSION = YES_AGGRESSIVE;
				CLANG_CXX_LANGUAGE_STANDARD = "gnu++20";
				CLANG_ENABLE_MODULES = YES;
				CLANG_ENABLE_OBJC_ARC = YES;
				CLANG_ENABLE_OBJC_WEAK = YES;
				CLANG_WARN_BLOCK_CAPTURE_AUTORELEASING = YES;
				CLANG_WARN_BOOL_CONVERSION = YES;
				CLANG_WARN_COMMA = YES;
				CLANG_WARN_CONSTANT_CONVERSION = YES;
				CLANG_WARN_DEPRECATED_OBJC_IMPLEMENTATIONS = YES;
				CLANG_WARN_DIRECT_OBJC_ISA_USAGE = YES_ERROR;
				CLANG_WARN_DOCUMENTATION_COMMENTS = YES;
				CLANG_WARN_EMPTY_BODY = YES;
				CLANG_WARN_ENUM_CONVERSION = YES;
				CLANG_WARN_INFINITE_RECURSION = YES;
				CLANG_WARN_INT_CONVERSION = YES;
				CLANG_WARN_NON_LITERAL_NULL_CONVERSION = YES;
				CLANG_WARN_OBJC_IMPLICIT_RETAIN_SELF = YES;
				CLANG_WARN_OBJC_LITERAL_CONVERSION = YES;
				CLANG_WARN_OBJC_ROOT_CLASS = YES_ERROR;
				CLANG_WARN_QUOTED_INCLUDE_IN_FRAMEWORK_HEADER = YES;
				CLANG_WARN_RANGE_LOOP_ANALYSIS = YES;
				CLANG_WARN_STRICT_PROTOTYPES = YES;
				CLANG_WARN_SUSPICIOUS_MOVE = YES;
				CLANG_WARN_UNGUARDED_AVAILABILITY = YES_AGGRESSIVE;
				CLANG_WARN_UNREACHABLE_CODE = YES;
				CLANG_WARN__DUPLICATE_METHOD_MATCH = YES;
				COPY_PHASE_STRIP = NO;
				DEBUG_INFORMATION_FORMAT = dwarf;
				ENABLE_STRICT_OBJC_MSGSEND = YES;
				ENABLE_TESTABILITY = YES;
				GCC_C_LANGUAGE_STANDARD = gnu11;
				GCC_DYNAMIC_NO_PIC = NO;
				GCC_NO_COMMON_BLOCKS = YES;
				GCC_OPTIMIZATION_LEVEL = 0;
				GCC_PREPROCESSOR_DEFINITIONS = (
					"DEBUG=1",
					"$(inherited)",
				);
				GCC_WARN_64_TO_32_BIT_CONVERSION = YES;
				GCC_WARN_ABOUT_RETURN_TYPE = YES_ERROR;
				GCC_WARN_UNDECLARED_SELECTOR = YES;
				GCC_WARN_UNINITIALIZED_AUTOS = YES_AGGRESSIVE;
				GCC_WARN_UNUSED_FUNCTION = YES;
				GCC_WARN_UNUSED_VARIABLE = YES;
				IPHONEOS_DEPLOYMENT_TARGET = 16.2;
				MTL_ENABLE_DEBUG_INFO = INCLUDE_SOURCE;
				MTL_FAST_MATH = YES;
				ONLY_ACTIVE_ARCH = YES;
				SDKROOT = iphoneos;
				SWIFT_ACTIVE_COMPILATION_CONDITIONS = DEBUG;
				SWIFT_OPTIMIZATION_LEVEL = "-Onone";
			};
			name = Debug;
		};
		9FC0A1192A6A7FCB00EA941E /* Release */ = {
			isa = XCBuildConfiguration;
			buildSettings = {
				ALWAYS_SEARCH_USER_PATHS = NO;
				CLANG_ANALYZER_NONNULL = YES;
				CLANG_ANALYZER_NUMBER_OBJECT_CONVERSION = YES_AGGRESSIVE;
				CLANG_CXX_LANGUAGE_STANDARD = "gnu++20";
				CLANG_ENABLE_MODULES = YES;
				CLANG_ENABLE_OBJC_ARC = YES;
				CLANG_ENABLE_OBJC_WEAK = YES;
				CLANG_WARN_BLOCK_CAPTURE_AUTORELEASING = YES;
				CLANG_WARN_BOOL_CONVERSION = YES;
				CLANG_WARN_COMMA = YES;
				CLANG_WARN_CONSTANT_CONVERSION = YES;
				CLANG_WARN_DEPRECATED_OBJC_IMPLEMENTATIONS = YES;
				CLANG_WARN_DIRECT_OBJC_ISA_USAGE = YES_ERROR;
				CLANG_WARN_DOCUMENTATION_COMMENTS = YES;
				CLANG_WARN_EMPTY_BODY = YES;
				CLANG_WARN_ENUM_CONVERSION = YES;
				CLANG_WARN_INFINITE_RECURSION = YES;
				CLANG_WARN_INT_CONVERSION = YES;
				CLANG_WARN_NON_LITERAL_NULL_CONVERSION = YES;
				CLANG_WARN_OBJC_IMPLICIT_RETAIN_SELF = YES;
				CLANG_WARN_OBJC_LITERAL_CONVERSION = YES;
				CLANG_WARN_OBJC_ROOT_CLASS = YES_ERROR;
				CLANG_WARN_QUOTED_INCLUDE_IN_FRAMEWORK_HEADER = YES;
				CLANG_WARN_RANGE_LOOP_ANALYSIS = YES;
				CLANG_WARN_STRICT_PROTOTYPES = YES;
				CLANG_WARN_SUSPICIOUS_MOVE = YES;
				CLANG_WARN_UNGUARDED_AVAILABILITY = YES_AGGRESSIVE;
				CLANG_WARN_UNREACHABLE_CODE = YES;
				CLANG_WARN__DUPLICATE_METHOD_MATCH = YES;
				COPY_PHASE_STRIP = NO;
				DEBUG_INFORMATION_FORMAT = "dwarf-with-dsym";
				ENABLE_NS_ASSERTIONS = NO;
				ENABLE_STRICT_OBJC_MSGSEND = YES;
				GCC_C_LANGUAGE_STANDARD = gnu11;
				GCC_NO_COMMON_BLOCKS = YES;
				GCC_WARN_64_TO_32_BIT_CONVERSION = YES;
				GCC_WARN_ABOUT_RETURN_TYPE = YES_ERROR;
				GCC_WARN_UNDECLARED_SELECTOR = YES;
				GCC_WARN_UNINITIALIZED_AUTOS = YES_AGGRESSIVE;
				GCC_WARN_UNUSED_FUNCTION = YES;
				GCC_WARN_UNUSED_VARIABLE = YES;
				IPHONEOS_DEPLOYMENT_TARGET = 16.2;
				MTL_ENABLE_DEBUG_INFO = NO;
				MTL_FAST_MATH = YES;
				SDKROOT = iphoneos;
				SWIFT_COMPILATION_MODE = wholemodule;
				SWIFT_OPTIMIZATION_LEVEL = "-O";
				VALIDATE_PRODUCT = YES;
			};
			name = Release;
		};
		9FC0A11B2A6A7FCB00EA941E /* Debug */ = {
			isa = XCBuildConfiguration;
			buildSettings = {
				ASSETCATALOG_COMPILER_APPICON_NAME = AppIcon;
				ASSETCATALOG_COMPILER_GLOBAL_ACCENT_COLOR_NAME = AccentColor;
				CODE_SIGN_STYLE = Automatic;
				CURRENT_PROJECT_VERSION = 1;
				DEVELOPMENT_TEAM = T4VR973TMF;
				GENERATE_INFOPLIST_FILE = YES;
				INFOPLIST_FILE = "克林姆名畫集/Info.plist";
				INFOPLIST_KEY_CFBundleDisplayName = "Klimt Paintings";
				INFOPLIST_KEY_UIApplicationSupportsIndirectInputEvents = YES;
				INFOPLIST_KEY_UILaunchStoryboardName = LaunchScreen;
				INFOPLIST_KEY_UIMainStoryboardFile = Main;
				INFOPLIST_KEY_UISupportedInterfaceOrientations_iPad = "UIInterfaceOrientationPortrait UIInterfaceOrientationPortraitUpsideDown UIInterfaceOrientationLandscapeLeft UIInterfaceOrientationLandscapeRight";
				INFOPLIST_KEY_UISupportedInterfaceOrientations_iPhone = "UIInterfaceOrientationPortrait UIInterfaceOrientationLandscapeLeft UIInterfaceOrientationLandscapeRight";
				IPHONEOS_DEPLOYMENT_TARGET = 15.4;
				LD_RUNPATH_SEARCH_PATHS = (
					"$(inherited)",
					"@executable_path/Frameworks",
				);
				MARKETING_VERSION = 1.0;
				PRODUCT_BUNDLE_IDENTIFIER = "Minsworks.------";
				PRODUCT_NAME = "$(TARGET_NAME)";
				SWIFT_EMIT_LOC_STRINGS = YES;
				SWIFT_VERSION = 5.0;
				TARGETED_DEVICE_FAMILY = "1,2";
			};
			name = Debug;
		};
		9FC0A11C2A6A7FCB00EA941E /* Release */ = {
			isa = XCBuildConfiguration;
			buildSettings = {
				ASSETCATALOG_COMPILER_APPICON_NAME = AppIcon;
				ASSETCATALOG_COMPILER_GLOBAL_ACCENT_COLOR_NAME = AccentColor;
				CODE_SIGN_STYLE = Automatic;
				CURRENT_PROJECT_VERSION = 1;
				DEVELOPMENT_TEAM = T4VR973TMF;
				GENERATE_INFOPLIST_FILE = YES;
				INFOPLIST_FILE = "克林姆名畫集/Info.plist";
				INFOPLIST_KEY_CFBundleDisplayName = "Klimt Paintings";
				INFOPLIST_KEY_UIApplicationSupportsIndirectInputEvents = YES;
				INFOPLIST_KEY_UILaunchStoryboardName = LaunchScreen;
				INFOPLIST_KEY_UIMainStoryboardFile = Main;
				INFOPLIST_KEY_UISupportedInterfaceOrientations_iPad = "UIInterfaceOrientationPortrait UIInterfaceOrientationPortraitUpsideDown UIInterfaceOrientationLandscapeLeft UIInterfaceOrientationLandscapeRight";
				INFOPLIST_KEY_UISupportedInterfaceOrientations_iPhone = "UIInterfaceOrientationPortrait UIInterfaceOrientationLandscapeLeft UIInterfaceOrientationLandscapeRight";
				IPHONEOS_DEPLOYMENT_TARGET = 15.4;
				LD_RUNPATH_SEARCH_PATHS = (
					"$(inherited)",
					"@executable_path/Frameworks",
				);
				MARKETING_VERSION = 1.0;
				PRODUCT_BUNDLE_IDENTIFIER = "Minsworks.------";
				PRODUCT_NAME = "$(TARGET_NAME)";
				SWIFT_EMIT_LOC_STRINGS = YES;
				SWIFT_VERSION = 5.0;
				TARGETED_DEVICE_FAMILY = "1,2";
			};
			name = Release;
		};
/* End XCBuildConfiguration section */

/* Begin XCConfigurationList section */
		9FC0A1012A6A7FC500EA941E /* Build configuration list for PBXProject "克林姆名畫集" */ = {
			isa = XCConfigurationList;
			buildConfigurations = (
				9FC0A1182A6A7FCB00EA941E /* Debug */,
				9FC0A1192A6A7FCB00EA941E /* Release */,
			);
			defaultConfigurationIsVisible = 0;
			defaultConfigurationName = Release;
		};
		9FC0A11A2A6A7FCB00EA941E /* Build configuration list for PBXNativeTarget "克林姆名畫集" */ = {
			isa = XCConfigurationList;
			buildConfigurations = (
				9FC0A11B2A6A7FCB00EA941E /* Debug */,
				9FC0A11C2A6A7FCB00EA941E /* Release */,
			);
			defaultConfigurationIsVisible = 0;
			defaultConfigurationName = Release;
		};
/* End XCConfigurationList section */
	};
	rootObject = 9FC0A0FE2A6A7FC500EA941E /* Project object */;
}
